// !$*UTF8*$!
{
	archiveVersion = 1;
	classes = {
	};
	objectVersion = 46;
	objects = {

/* Begin PBXBuildFile section */
		DE9809671B38D76000145608 /* InstagramViewController.m in Sources */ = {isa = PBXBuildFile; fileRef = DE9809661B38D76000145608 /* InstagramViewController.m */; };
		DEB6000E1B38CE21005CD150 /* main.m in Sources */ = {isa = PBXBuildFile; fileRef = DEB6000D1B38CE21005CD150 /* main.m */; };
		DEB600111B38CE21005CD150 /* AppDelegate.m in Sources */ = {isa = PBXBuildFile; fileRef = DEB600101B38CE21005CD150 /* AppDelegate.m */; };
		DEB600141B38CE21005CD150 /* ViewController.m in Sources */ = {isa = PBXBuildFile; fileRef = DEB600131B38CE21005CD150 /* ViewController.m */; };
		DEB600171B38CE21005CD150 /* Main.storyboard in Resources */ = {isa = PBXBuildFile; fileRef = DEB600151B38CE21005CD150 /* Main.storyboard */; };
		DEB600191B38CE21005CD150 /* Images.xcassets in Resources */ = {isa = PBXBuildFile; fileRef = DEB600181B38CE21005CD150 /* Images.xcassets */; };
		DEB6001C1B38CE21005CD150 /* LaunchScreen.xib in Resources */ = {isa = PBXBuildFile; fileRef = DEB6001A1B38CE21005CD150 /* LaunchScreen.xib */; };
		DEB600281B38CE21005CD150 /* Instagram_HookTests.m in Sources */ = {isa = PBXBuildFile; fileRef = DEB600271B38CE21005CD150 /* Instagram_HookTests.m */; };
/* End PBXBuildFile section */

/* Begin PBXContainerItemProxy section */
		DEB600221B38CE21005CD150 /* PBXContainerItemProxy */ = {
			isa = PBXContainerItemProxy;
			containerPortal = DEB600001B38CE21005CD150 /* Project object */;
			proxyType = 1;
			remoteGlobalIDString = DEB600071B38CE21005CD150;
			remoteInfo = "Instagram Hook";
		};
/* End PBXContainerItemProxy section */

/* Begin PBXFileReference section */
		DE9809651B38D76000145608 /* InstagramViewController.h */ = {isa = PBXFileReference; fileEncoding = 4; lastKnownFileType = sourcecode.c.h; path = InstagramViewController.h; sourceTree = "<group>"; };
		DE9809661B38D76000145608 /* InstagramViewController.m */ = {isa = PBXFileReference; fileEncoding = 4; lastKnownFileType = sourcecode.c.objc; path = InstagramViewController.m; sourceTree = "<group>"; };
		DEB600081B38CE21005CD150 /* Instagram Hook.app */ = {isa = PBXFileReference; explicitFileType = wrapper.application; includeInIndex = 0; path = "Instagram Hook.app"; sourceTree = BUILT_PRODUCTS_DIR; };
		DEB6000C1B38CE21005CD150 /* Info.plist */ = {isa = PBXFileReference; lastKnownFileType = text.plist.xml; path = Info.plist; sourceTree = "<group>"; };
		DEB6000D1B38CE21005CD150 /* main.m */ = {isa = PBXFileReference; lastKnownFileType = sourcecode.c.objc; path = main.m; sourceTree = "<group>"; };
		DEB6000F1B38CE21005CD150 /* AppDelegate.h */ = {isa = PBXFileReference; lastKnownFileType = sourcecode.c.h; path = AppDelegate.h; sourceTree = "<group>"; };
		DEB600101B38CE21005CD150 /* AppDelegate.m */ = {isa = PBXFileReference; lastKnownFileType = sourcecode.c.objc; path = AppDelegate.m; sourceTree = "<group>"; };
		DEB600121B38CE21005CD150 /* ViewController.h */ = {isa = PBXFileReference; lastKnownFileType = sourcecode.c.h; path = ViewController.h; sourceTree = "<group>"; };
		DEB600131B38CE21005CD150 /* ViewController.m */ = {isa = PBXFileReference; lastKnownFileType = sourcecode.c.objc; path = ViewController.m; sourceTree = "<group>"; };
		DEB600161B38CE21005CD150 /* Base */ = {isa = PBXFileReference; lastKnownFileType = file.storyboard; name = Base; path = Base.lproj/Main.storyboard; sourceTree = "<group>"; };
		DEB600181B38CE21005CD150 /* Images.xcassets */ = {isa = PBXFileReference; lastKnownFileType = folder.assetcatalog; path = Images.xcassets; sourceTree = "<group>"; };
		DEB6001B1B38CE21005CD150 /* Base */ = {isa = PBXFileReference; lastKnownFileType = file.xib; name = Base; path = Base.lproj/LaunchScreen.xib; sourceTree = "<group>"; };
		DEB600211B38CE21005CD150 /* Instagram HookTests.xctest */ = {isa = PBXFileReference; explicitFileType = wrapper.cfbundle; includeInIndex = 0; path = "Instagram HookTests.xctest"; sourceTree = BUILT_PRODUCTS_DIR; };
		DEB600261B38CE21005CD150 /* Info.plist */ = {isa = PBXFileReference; lastKnownFileType = text.plist.xml; path = Info.plist; sourceTree = "<group>"; };
		DEB600271B38CE21005CD150 /* Instagram_HookTests.m */ = {isa = PBXFileReference; lastKnownFileType = sourcecode.c.objc; path = Instagram_HookTests.m; sourceTree = "<group>"; };
/* End PBXFileReference section */

/* Begin PBXFrameworksBuildPhase section */
		DEB600051B38CE21005CD150 /* Frameworks */ = {
			isa = PBXFrameworksBuildPhase;
			buildActionMask = 2147483647;
			files = (
			);
			runOnlyForDeploymentPostprocessing = 0;
		};
		DEB6001E1B38CE21005CD150 /* Frameworks */ = {
			isa = PBXFrameworksBuildPhase;
			buildActionMask = 2147483647;
			files = (
			);
			runOnlyForDeploymentPostprocessing = 0;
		};
/* End PBXFrameworksBuildPhase section */

/* Begin PBXGroup section */
		DE9809641B38D73500145608 /* Instagram */ = {
			isa = PBXGroup;
			children = (
				DE9809651B38D76000145608 /* InstagramViewController.h */,
				DE9809661B38D76000145608 /* InstagramViewController.m */,
			);
			name = Instagram;
			sourceTree = "<group>";
		};
		DEB600091B38CE21005CD150 /* Products */ = {
			isa = PBXGroup;
			children = (
				DEB600081B38CE21005CD150 /* Instagram Hook.app */,
				DEB600211B38CE21005CD150 /* Instagram HookTests.xctest */,
			);
			name = Products;
			sourceTree = "<group>";
		};
		DEB6000A1B38CE21005CD150 /* Instagram Hook */ = {
			isa = PBXGroup;
			children = (
				DE9809641B38D73500145608 /* Instagram */,
				DEB6000F1B38CE21005CD150 /* AppDelegate.h */,
				DEB600101B38CE21005CD150 /* AppDelegate.m */,
				DEB600121B38CE21005CD150 /* ViewController.h */,
				DEB600131B38CE21005CD150 /* ViewController.m */,
				DEB600151B38CE21005CD150 /* Main.storyboard */,
				DEB600181B38CE21005CD150 /* Images.xcassets */,
				DEB6001A1B38CE21005CD150 /* LaunchScreen.xib */,
				DEB6000B1B38CE21005CD150 /* Supporting Files */,
			);
			path = "Instagram Hook";
			sourceTree = "<group>";
		};
		DEB6000B1B38CE21005CD150 /* Supporting Files */ = {
			isa = PBXGroup;
			children = (
				DEB6000C1B38CE21005CD150 /* Info.plist */,
				DEB6000D1B38CE21005CD150 /* main.m */,
			);
			name = "Supporting Files";
			sourceTree = "<group>";
		};
		DEB600241B38CE21005CD150 /* Instagram HookTests */ = {
			isa = PBXGroup;
			children = (
				DEB600271B38CE21005CD150 /* Instagram_HookTests.m */,
				DEB600251B38CE21005CD150 /* Supporting Files */,
			);
			path = "Instagram HookTests";
			sourceTree = "<group>";
		};
		DEB600251B38CE21005CD150 /* Supporting Files */ = {
			isa = PBXGroup;
			children = (
				DEB600261B38CE21005CD150 /* Info.plist */,
			);
			name = "Supporting Files";
			sourceTree = "<group>";
		};
		DEB6FFFF1B38CE21005CD150 = {
			isa = PBXGroup;
			children = (
				DEB6000A1B38CE21005CD150 /* Instagram Hook */,
				DEB600241B38CE21005CD150 /* Instagram HookTests */,
				DEB600091B38CE21005CD150 /* Products */,
			);
			sourceTree = "<group>";
		};
/* End PBXGroup section */

/* Begin PBXNativeTarget section */
		DEB600071B38CE21005CD150 /* Instagram Hook */ = {
			isa = PBXNativeTarget;
			buildConfigurationList = DEB6002B1B38CE21005CD150 /* Build configuration list for PBXNativeTarget "Instagram Hook" */;
			buildPhases = (
				DEB600041B38CE21005CD150 /* Sources */,
				DEB600051B38CE21005CD150 /* Frameworks */,
				DEB600061B38CE21005CD150 /* Resources */,
			);
			buildRules = (
			);
			dependencies = (
			);
			name = "Instagram Hook";
			productName = "Instagram Hook";
			productReference = DEB600081B38CE21005CD150 /* Instagram Hook.app */;
			productType = "com.apple.product-type.application";
		};
		DEB600201B38CE21005CD150 /* Instagram HookTests */ = {
			isa = PBXNativeTarget;
			buildConfigurationList = DEB6002E1B38CE21005CD150 /* Build configuration list for PBXNativeTarget "Instagram HookTests" */;
			buildPhases = (
				DEB6001D1B38CE21005CD150 /* Sources */,
				DEB6001E1B38CE21005CD150 /* Frameworks */,
				DEB6001F1B38CE21005CD150 /* Resources */,
			);
			buildRules = (
			);
			dependencies = (
				DEB600231B38CE21005CD150 /* PBXTargetDependency */,
			);
			name = "Instagram HookTests";
			productName = "Instagram HookTests";
			productReference = DEB600211B38CE21005CD150 /* Instagram HookTests.xctest */;
			productType = "com.apple.product-type.bundle.unit-test";
		};
/* End PBXNativeTarget section */

/* Begin PBXProject section */
		DEB600001B38CE21005CD150 /* Project object */ = {
			isa = PBXProject;
			attributes = {
				LastUpgradeCheck = 0630;
				ORGANIZATIONNAME = "Fading Eclipse LLC";
				TargetAttributes = {
					DEB600071B38CE21005CD150 = {
						CreatedOnToolsVersion = 6.3.2;
					};
					DEB600201B38CE21005CD150 = {
						CreatedOnToolsVersion = 6.3.2;
						TestTargetID = DEB600071B38CE21005CD150;
					};
				};
			};
			buildConfigurationList = DEB600031B38CE21005CD150 /* Build configuration list for PBXProject "Instagram Hook" */;
			compatibilityVersion = "Xcode 3.2";
			developmentRegion = English;
			hasScannedForEncodings = 0;
			knownRegions = (
				en,
				Base,
			);
			mainGroup = DEB6FFFF1B38CE21005CD150;
			productRefGroup = DEB600091B38CE21005CD150 /* Products */;
			projectDirPath = "";
			projectRoot = "";
			targets = (
				DEB600071B38CE21005CD150 /* Instagram Hook */,
				DEB600201B38CE21005CD150 /* Instagram HookTests */,
			);
		};
/* End PBXProject section */

/* Begin PBXResourcesBuildPhase section */
		DEB600061B38CE21005CD150 /* Resources */ = {
			isa = PBXResourcesBuildPhase;
			buildActionMask = 2147483647;
			files = (
				DEB600171B38CE21005CD150 /* Main.storyboard in Resources */,
				DEB6001C1B38CE21005CD150 /* LaunchScreen.xib in Resources */,
				DEB600191B38CE21005CD150 /* Images.xcassets in Resources */,
			);
			runOnlyForDeploymentPostprocessing = 0;
		};
		DEB6001F1B38CE21005CD150 /* Resources */ = {
			isa = PBXResourcesBuildPhase;
			buildActionMask = 2147483647;
			files = (
			);
			runOnlyForDeploymentPostprocessing = 0;
		};
/* End PBXResourcesBuildPhase section */

/* Begin PBXSourcesBuildPhase section */
		DEB600041B38CE21005CD150 /* Sources */ = {
			isa = PBXSourcesBuildPhase;
			buildActionMask = 2147483647;
			files = (
				DEB600141B38CE21005CD150 /* ViewController.m in Sources */,
				DE9809671B38D76000145608 /* InstagramViewController.m in Sources */,
				DEB600111B38CE21005CD150 /* AppDelegate.m in Sources */,
				DEB6000E1B38CE21005CD150 /* main.m in Sources */,
			);
			runOnlyForDeploymentPostprocessing = 0;
		};
		DEB6001D1B38CE21005CD150 /* Sources */ = {
			isa = PBXSourcesBuildPhase;
			buildActionMask = 2147483647;
			files = (
				DEB600281B38CE21005CD150 /* Instagram_HookTests.m in Sources */,
			);
			runOnlyForDeploymentPostprocessing = 0;
		};
/* End PBXSourcesBuildPhase section */

/* Begin PBXTargetDependency section */
		DEB600231B38CE21005CD150 /* PBXTargetDependency */ = {
			isa = PBXTargetDependency;
			target = DEB600071B38CE21005CD150 /* Instagram Hook */;
			targetProxy = DEB600221B38CE21005CD150 /* PBXContainerItemProxy */;
		};
/* End PBXTargetDependency section */

/* Begin PBXVariantGroup section */
		DEB600151B38CE21005CD150 /* Main.storyboard */ = {
			isa = PBXVariantGroup;
			children = (
				DEB600161B38CE21005CD150 /* Base */,
			);
			name = Main.storyboard;
			sourceTree = "<group>";
		};
		DEB6001A1B38CE21005CD150 /* LaunchScreen.xib */ = {
			isa = PBXVariantGroup;
			children = (
				DEB6001B1B38CE21005CD150 /* Base */,
			);
			name = LaunchScreen.xib;
			sourceTree = "<group>";
		};
/* End PBXVariantGroup section */

/* Begin XCBuildConfiguration section */
		DEB600291B38CE21005CD150 /* Debug */ = {
			isa = XCBuildConfiguration;
			buildSettings = {
				ALWAYS_SEARCH_USER_PATHS = NO;
				CLANG_CXX_LANGUAGE_STANDARD = "gnu++0x";
				CLANG_CXX_LIBRARY = "libc++";
				CLANG_ENABLE_MODULES = YES;
				CLANG_ENABLE_OBJC_ARC = YES;
				CLANG_WARN_BOOL_CONVERSION = YES;
				CLANG_WARN_CONSTANT_CONVERSION = YES;
				CLANG_WARN_DIRECT_OBJC_ISA_USAGE = YES_ERROR;
				CLANG_WARN_EMPTY_BODY = YES;
				CLANG_WARN_ENUM_CONVERSION = YES;
				CLANG_WARN_INT_CONVERSION = YES;
				CLANG_WARN_OBJC_ROOT_CLASS = YES_ERROR;
				CLANG_WARN_UNREACHABLE_CODE = YES;
				CLANG_WARN__DUPLICATE_METHOD_MATCH = YES;
				"CODE_SIGN_IDENTITY[sdk=iphoneos*]" = "iPhone Developer";
				COPY_PHASE_STRIP = NO;
				DEBUG_INFORMATION_FORMAT = "dwarf-with-dsym";
				ENABLE_STRICT_OBJC_MSGSEND = YES;
				GCC_C_LANGUAGE_STANDARD = gnu99;
				GCC_DYNAMIC_NO_PIC = NO;
				GCC_NO_COMMON_BLOCKS = YES;
				GCC_OPTIMIZATION_LEVEL = 0;
				GCC_PREPROCESSOR_DEFINITIONS = (
					"DEBUG=1",
					"$(inherited)",
				);
				GCC_SYMBOLS_PRIVATE_EXTERN = NO;
				GCC_WARN_64_TO_32_BIT_CONVERSION = YES;
				GCC_WARN_ABOUT_RETURN_TYPE = YES_ERROR;
				GCC_WARN_UNDECLARED_SELECTOR = YES;
				GCC_WARN_UNINITIALIZED_AUTOS = YES_AGGRESSIVE;
				GCC_WARN_UNUSED_FUNCTION = YES;
				GCC_WARN_UNUSED_VARIABLE = YES;
				IPHONEOS_DEPLOYMENT_TARGET = 8.3;
				MTL_ENABLE_DEBUG_INFO = YES;
				ONLY_ACTIVE_ARCH = YES;
				SDKROOT = iphoneos;
			};
			name = Debug;
		};
		DEB6002A1B38CE21005CD150 /* Release */ = {
			isa = XCBuildConfiguration;
			buildSettings = {
				ALWAYS_SEARCH_USER_PATHS = NO;
				CLANG_CXX_LANGUAGE_STANDARD = "gnu++0x";
				CLANG_CXX_LIBRARY = "libc++";
				CLANG_ENABLE_MODULES = YES;
				CLANG_ENABLE_OBJC_ARC = YES;
				CLANG_WARN_BOOL_CONVERSION = YES;
				CLANG_WARN_CONSTANT_CONVERSION = YES;
				CLANG_WARN_DIRECT_OBJC_ISA_USAGE = YES_ERROR;
				CLANG_WARN_EMPTY_BODY = YES;
				CLANG_WARN_ENUM_CONVERSION = YES;
				CLANG_WARN_INT_CONVERSION = YES;
				CLANG_WARN_OBJC_ROOT_CLASS = YES_ERROR;
				CLANG_WARN_UNREACHABLE_CODE = YES;
				CLANG_WARN__DUPLICATE_METHOD_MATCH = YES;
				"CODE_SIGN_IDENTITY[sdk=iphoneos*]" = "iPhone Developer";
				COPY_PHASE_STRIP = NO;
				DEBUG_INFORMATION_FORMAT = "dwarf-with-dsym";
				ENABLE_NS_ASSERTIONS = NO;
				ENABLE_STRICT_OBJC_MSGSEND = YES;
				GCC_C_LANGUAGE_STANDARD = gnu99;
				GCC_NO_COMMON_BLOCKS = YES;
				GCC_WARN_64_TO_32_BIT_CONVERSION = YES;
				GCC_WARN_ABOUT_RETURN_TYPE = YES_ERROR;
				GCC_WARN_UNDECLARED_SELECTOR = YES;
				GCC_WARN_UNINITIALIZED_AUTOS = YES_AGGRESSIVE;
				GCC_WARN_UNUSED_FUNCTION = YES;
				GCC_WARN_UNUSED_VARIABLE = YES;
				IPHONEOS_DEPLOYMENT_TARGET = 8.3;
				MTL_ENABLE_DEBUG_INFO = NO;
				SDKROOT = iphoneos;
				VALIDATE_PRODUCT = YES;
			};
			name = Release;
		};
		DEB6002C1B38CE21005CD150 /* Debug */ = {
			isa = XCBuildConfiguration;
			buildSettings = {
				ASSETCATALOG_COMPILER_APPICON_NAME = AppIcon;
				INFOPLIST_FILE = "Instagram Hook/Info.plist";
				LD_RUNPATH_SEARCH_PATHS = "$(inherited) @executable_path/Frameworks";
				PRODUCT_NAME = "$(TARGET_NAME)";
			};
			name = Debug;
		};
		DEB6002D1B38CE21005CD150 /* Release */ = {
			isa = XCBuildConfiguration;
			buildSettings = {
				ASSETCATALOG_COMPILER_APPICON_NAME = AppIcon;
				INFOPLIST_FILE = "Instagram Hook/Info.plist";
				LD_RUNPATH_SEARCH_PATHS = "$(inherited) @executable_path/Frameworks";
				PRODUCT_NAME = "$(TARGET_NAME)";
			};
			name = Release;
		};
		DEB6002F1B38CE21005CD150 /* Debug */ = {
			isa = XCBuildConfiguration;
			buildSettings = {
				BUNDLE_LOADER = "$(TEST_HOST)";
				FRAMEWORK_SEARCH_PATHS = (
					"$(SDKROOT)/Developer/Library/Frameworks",
					"$(inherited)",
				);
				GCC_PREPROCESSOR_DEFINITIONS = (
					"DEBUG=1",
					"$(inherited)",
				);
				INFOPLIST_FILE = "Instagram HookTests/Info.plist";
				LD_RUNPATH_SEARCH_PATHS = "$(inherited) @executable_path/Frameworks @loader_path/Frameworks";
				PRODUCT_NAME = "$(TARGET_NAME)";
				TEST_HOST = "$(BUILT_PRODUCTS_DIR)/Instagram Hook.app/Instagram Hook";
			};
			name = Debug;
		};
		DEB600301B38CE21005CD150 /* Release */ = {
			isa = XCBuildConfiguration;
			buildSettings = {
				BUNDLE_LOADER = "$(TEST_HOST)";
				FRAMEWORK_SEARCH_PATHS = (
					"$(SDKROOT)/Developer/Library/Frameworks",
					"$(inherited)",
				);
				INFOPLIST_FILE = "Instagram HookTests/Info.plist";
				LD_RUNPATH_SEARCH_PATHS = "$(inherited) @executable_path/Frameworks @loader_path/Frameworks";
				PRODUCT_NAME = "$(TARGET_NAME)";
				TEST_HOST = "$(BUILT_PRODUCTS_DIR)/Instagram Hook.app/Instagram Hook";
			};
			name = Release;
		};
/* End XCBuildConfiguration section */

/* Begin XCConfigurationList section */
		DEB600031B38CE21005CD150 /* Build configuration list for PBXProject "Instagram Hook" */ = {
			isa = XCConfigurationList;
			buildConfigurations = (
				DEB600291B38CE21005CD150 /* Debug */,
				DEB6002A1B38CE21005CD150 /* Release */,
			);
			defaultConfigurationIsVisible = 0;
			defaultConfigurationName = Release;
		};
		DEB6002B1B38CE21005CD150 /* Build configuration list for PBXNativeTarget "Instagram Hook" */ = {
			isa = XCConfigurationList;
			buildConfigurations = (
				DEB6002C1B38CE21005CD150 /* Debug */,
				DEB6002D1B38CE21005CD150 /* Release */,
			);
			defaultConfigurationIsVisible = 0;
			defaultConfigurationName = Release;
		};
		DEB6002E1B38CE21005CD150 /* Build configuration list for PBXNativeTarget "Instagram HookTests" */ = {
			isa = XCConfigurationList;
			buildConfigurations = (
				DEB6002F1B38CE21005CD150 /* Debug */,
				DEB600301B38CE21005CD150 /* Release */,
			);
			defaultConfigurationIsVisible = 0;
			defaultConfigurationName = Release;
		};
/* End XCConfigurationList section */
	};
	rootObject = DEB600001B38CE21005CD150 /* Project object */;
}
